
Microsoft Visual Studio Solution File, Format Version 12.00
# Visual Studio 15
VisualStudioVersion = 15.0.27428.2027
MinimumVisualStudioVersion = 10.0.40219.1
Project("{FAE04EC0-301F-11D3-BF4B-00C04F79EFBC}") = "CodedUITestProject1", "CodedUITestProject1\CodedUITestProject1.csproj", "{C068B44F-697D-4FEC-A614-78D99AB6B35A}"
EndProject
Global
	GlobalSection(SolutionConfigurationPlatforms) = preSolution
		Debug|Any CPU = Debug|Any CPU
		Release|Any CPU = Release|Any CPU
	EndGlobalSection
	GlobalSection(ProjectConfigurationPlatforms) = postSolution
		{C068B44F-697D-4FEC-A614-78D99AB6B35A}.Debug|Any CPU.ActiveCfg = Debug|Any CPU
		{C068B44F-697D-4FEC-A614-78D99AB6B35A}.Debug|Any CPU.Build.0 = Debug|Any CPU
		{C068B44F-697D-4FEC-A614-78D99AB6B35A}.Release|Any CPU.ActiveCfg = Release|Any CPU
		{C068B44F-697D-4FEC-A614-78D99AB6B35A}.Release|Any CPU.Build.0 = Release|Any CPU
	EndGlobalSection
	GlobalSection(SolutionProperties) = preSolution
		HideSolutionNode = FALSE
	EndGlobalSection
	GlobalSection(ExtensibilityGlobals) = postSolution
		SolutionGuid = {C12E33F0-FBAB-4540-8E2E-556D9903A506}
	EndGlobalSection
EndGlobal
