
Microsoft Visual Studio Solution File, Format Version 12.00
# Visual Studio 15
VisualStudioVersion = 15.0.27130.2027
MinimumVisualStudioVersion = 10.0.40219.1
Project("{FAE04EC0-301F-11D3-BF4B-00C04F79EFBC}") = "Assigmnent6", "Assigmnent6\Assigmnent6.csproj", "{240E7E43-4E88-47E4-8BF1-D5BF872FCF1C}"
EndProject
Global
	GlobalSection(SolutionConfigurationPlatforms) = preSolution
		Debug|Any CPU = Debug|Any CPU
		Release|Any CPU = Release|Any CPU
	EndGlobalSection
	GlobalSection(ProjectConfigurationPlatforms) = postSolution
		{240E7E43-4E88-47E4-8BF1-D5BF872FCF1C}.Debug|Any CPU.ActiveCfg = Debug|Any CPU
		{240E7E43-4E88-47E4-8BF1-D5BF872FCF1C}.Debug|Any CPU.Build.0 = Debug|Any CPU
		{240E7E43-4E88-47E4-8BF1-D5BF872FCF1C}.Release|Any CPU.ActiveCfg = Release|Any CPU
		{240E7E43-4E88-47E4-8BF1-D5BF872FCF1C}.Release|Any CPU.Build.0 = Release|Any CPU
	EndGlobalSection
	GlobalSection(SolutionProperties) = preSolution
		HideSolutionNode = FALSE
	EndGlobalSection
	GlobalSection(ExtensibilityGlobals) = postSolution
		SolutionGuid = {AC4FDCB7-58DB-4343-AFD3-B22C1CF4A1B6}
	EndGlobalSection
EndGlobal
